lockfileVersion: '9.0'

settings:
  autoInstallPeers: true
  excludeLinksFromLockfile: false

importers:

  .:
    dependencies:
      '@240xu/dsh-message-ops':
        specifier: ^0.5.2
        version: 0.5.2(@deepseek-ai/dsh-tools@0.1.0-rc.8(ca0ce42452094c45ca64260a014be474))
      '@240xu/dsh-session-lazy-view':
        specifier: ^0.3.4
        version: 0.3.4
      '@240xu/dsh-session-search':
        specifier: ^0.1.5
        version: 0.1.5(@deepseek-ai/dsh-tools@0.1.0-rc.8(ca0ce42452094c45ca64260a014be474))
      '@240xu/dsh-websearch':
        specifier: ^2.8.2
        version: 2.8.2(b553a2da8f7d427ffbd49400ae387d22)

packages:

  '@240xu/dsh-message-ops@0.5.2':
    resolution: {integrity: sha512-UHS22aH5GPSACfFdr9F4R+Ms5WIoF/JVF+11XVa5ifMeLHB5QWruVxU4e5IEIQPRc+X8b522tc094atpuTjxxQ==}
    engines: {node: '>=23.5'}
    peerDependencies:
      '@deepseek-ai/dsh-tools': ^0.1.0-rc.6 || ^0.2.0-rc.1

  '@240xu/dsh-session-lazy-view@0.3.4':
    resolution: {integrity: sha512-1XvvLxSa77rWs+8RzbjG9D6byyFJJnhmqR2+YkkKODjEYv/fA/9LzrHFrJK9iVCkUfauE7ebqhiW3u6HVn12Xw==}
    engines: {node: '>=24'}

  '@240xu/dsh-session-search@0.1.5':
    resolution: {integrity: sha512-IUHqazcr9GGxUNt5my3u/n+qWGhfmClSViVmeRA/9Yui1AglyVpyNIGUjz6Vja0Q1xJaZOPavnhNR0xv4oFg5A==}
    engines: {node: '>=23.5'}
    peerDependencies:
      '@deepseek-ai/dsh-tools': ^0.1.0-rc.6 || ^0.2.0-rc.1

  '@240xu/dsh-websearch@2.8.2':
    resolution: {integrity: sha512-n+WerZVfyxPPTW1/6HRAg9B0qDpwvuehS64wN9H+zFkhet1yw11hXN1LrZKZRcclnV5qC4zg4xZMnyC5vdRTUQ==}
    engines: {node: '>=20.3'}
    peerDependencies:
      '@deepseek-ai/cordis': '*'
      '@deepseek-ai/dsh-credentials': '*'
      '@deepseek-ai/dsh-launch-environment': '*'
      '@deepseek-ai/dsh-settings': '*'
      '@deepseek-ai/dsh-web': '*'
      '@deepseek-ai/schemastery': '*'

  '@deepseek-ai/cordis@4.0.4':
    resolution: {integrity: sha512-obgyxqWAmFn3Re8kvsuUnyW+ihrz6eJCnJO4fh1cQzDtmPYz/zzVeUkH9R94I0OwSVOocK67Kgakm04j/oQXzg==}
    hasBin: true
    peerDependencies:
      '@deepseek-ai/cordis-plugin-include': ~1.0.9
      '@deepseek-ai/cordis-plugin-loader': ~1.0.5
    peerDependenciesMeta:
      '@deepseek-ai/cordis-plugin-include':
        optional: true
      '@deepseek-ai/cordis-plugin-loader':
        optional: true

  '@deepseek-ai/cosmokit@1.8.5':
    resolution: {integrity: sha512-LXsrlem9z8dq4sLflj2yuCuYX7KqhdzF5hZly3eZyuTo8d6oDSOXuEgC5DbQWKW+lksm6zmOutQLsP/ma6wR6A==}

  '@deepseek-ai/dsh-agent@0.1.0-rc.8':
    resolution: {integrity: sha512-fOl46ZvzoYHalrlyfOJAHNhzyKeVDTUnZZKNSJEr9GY/98WJTjcV21agVEofTXldkJ7a/ws2HpJkVNJVFMtslg==}
    peerDependencies:
      '@deepseek-ai/cordis': ^4.0.1
      '@deepseek-ai/dsh-invariants': ^0.1.0-rc.8
      '@deepseek-ai/dsh-llm': ^0.1.0-rc.8
      '@deepseek-ai/dsh-scope': ^0.1.0-rc.8
      '@deepseek-ai/dsh-session': ^0.1.0-rc.8
      '@deepseek-ai/dsh-system-prompt': ^0.1.0-rc.8
      '@deepseek-ai/dsh-typert-protocol': ^0.1.0-rc.8

  '@deepseek-ai/dsh-attachment@0.1.0-rc.8':
    resolution: {integrity: sha512-cCrg4WWiav7pGtbdU8dJTpAG28cPnkWVB2YPOrlBCgBbhQziGcG9Dv67Ti6L3PI4OQKC55gYBFinQghFO/7FGg==}
    peerDependencies:
      '@deepseek-ai/cordis': ^4.0.1
      '@deepseek-ai/dsh-brand': ^0.1.0-rc.8
      '@deepseek-ai/dsh-invariants': ^0.1.0-rc.8

  '@deepseek-ai/dsh-brand@0.0.1-rc.1':
    resolution: {integrity: sha512-XhwNAugG/baCVA+BMMvjihYi9XMLcDUew3G63i+ATWIZCvpx8CghbgcV93DEeMH2sqhNuQAssmHgXkpRld3gyQ==}
    peerDependencies:
      '@deepseek-ai/cordis': ^4.0.1-rc.1
      '@deepseek-ai/dsh-invariants': ^0.0.1-rc.1

  '@deepseek-ai/dsh-code-runtime@0.1.0-rc.8':
    resolution: {integrity: sha512-6ZKyEE7dHH1UkKe5b0lg18Byww/7ocZyrNMVjAoUWEWp5i96Brf9Eavu9q3zepBMDMZJErCfV0pyt7KDhBJSig==}
    peerDependencies:
      '@deepseek-ai/cordis': ^4.0.1
      '@deepseek-ai/dsh-invariants': ^0.1.0-rc.8

  '@deepseek-ai/dsh-credentials@0.0.1-rc.1':
    resolution: {integrity: sha512-9y+lWKn2+NubLCpC/lsz9BiYDZHZcWMoYE3cAHJqnlVw0SygUh9D7I81DGqlV9LqY7Z0Y/gxsZcR7sfEMCw4Wg==}
    peerDependencies:
      '@deepseek-ai/cordis': ^4.0.1-rc.1
      '@deepseek-ai/dsh-brand': ^0.0.1-rc.1
      '@deepseek-ai/dsh-invariants': ^0.0.1-rc.1

  '@deepseek-ai/dsh-invariants@0.1.0-rc.8':
    resolution: {integrity: sha512-u0lYqyxOYwfsVnbsfGXZos5vFvA4cqFnBEW3/ezgljNwkYwzeUP/Y5wjPnQjP+ZzBn3CnVeIF6s2N2Vk3iA5mQ==}
    peerDependencies:
      '@deepseek-ai/cordis': ^4.0.1

  '@deepseek-ai/dsh-launch-environment@0.0.1-rc.3':
    resolution: {integrity: sha512-bp1bf5HJm8R2LpHY5tWPF71xZqoBcnLfGEarxQkJBEuVOhh0g0diwyEWsU8MeA00wGF0gFyOc26iQmBOGUgWHA==}
    peerDependencies:
      '@deepseek-ai/cordis': ^4.0.1-rc.1
      '@deepseek-ai/dsh-invariants': ^0.0.1-rc.3

  '@deepseek-ai/dsh-llm@0.1.0-rc.8':
    resolution: {integrity: sha512-hf6RmX2Stn1UtzpktSHQLkIktQkBm9i/3yFfJlbGSkwyw5Cv9sTYJbyoHzsSnnh6i8nRRcMcBhvMgm23I00oIw==}
    peerDependencies:
      '@deepseek-ai/cordis': ^4.0.1
      '@deepseek-ai/dsh-attachment': ^0.1.0-rc.8
      '@deepseek-ai/dsh-brand': ^0.1.0-rc.8
      '@deepseek-ai/dsh-invariants': ^0.1.0-rc.8
      '@deepseek-ai/dsh-timeout': ^0.1.0-rc.8

  '@deepseek-ai/dsh-scope@0.1.0-rc.8':
    resolution: {integrity: sha512-/o+PxkVV2zUy9lYlMFr4TWSb+ESW4DE+fI891yIbsLzOJdFgfbmmLpGrlWgnz8/unIGJZxjeXdwyppV04Z277Q==}
    peerDependencies:
      '@deepseek-ai/cordis': ^4.0.1
      '@deepseek-ai/dsh-invariants': ^0.1.0-rc.8

  '@deepseek-ai/dsh-session@0.1.0-rc.8':
    resolution: {integrity: sha512-Qs5Mgn32WPPVB4rKHjsZBgLOkh0TQurUAcc9GaDVudK4dUkpno2HDh++qu/PrwRA3CZ/iwPAoFHCpB3AMMaoLg==}
    peerDependencies:
      '@deepseek-ai/cordis': ^4.0.1
      '@deepseek-ai/dsh-brand': ^0.1.0-rc.8
      '@deepseek-ai/dsh-invariants': ^0.1.0-rc.8
      '@deepseek-ai/dsh-llm': ^0.1.0-rc.8
      '@deepseek-ai/dsh-scope': ^0.1.0-rc.8
      '@deepseek-ai/dsh-typert-protocol': ^0.1.0-rc.8

  '@deepseek-ai/dsh-settings@0.0.1-rc.1':
    resolution: {integrity: sha512-d9emtO/X85topSqK3ZLaRtA0Sktbdg0DlObvQ9aKeEIzc6lsFgSulMxE68qGRSIGN7fDU8YNlXu4M7vKqmwisg==}
    peerDependencies:
      '@deepseek-ai/cordis': ^4.0.1-rc.1
      '@deepseek-ai/dsh-brand': ^0.0.1-rc.1
      '@deepseek-ai/dsh-invariants': ^0.0.1-rc.1
      '@deepseek-ai/schemastery': ^3.18.1-rc.1

  '@deepseek-ai/dsh-system-prompt@0.1.0-rc.8':
    resolution: {integrity: sha512-yk8Z85rzX2EwpKNWA5i+K3I3mqsIIUc9niwbDpXO8vlHvpC2qR3RNHjJIJN2EZYDqfSzTVtkbxHFsuMzDXIbew==}
    peerDependencies:
      '@deepseek-ai/cordis': ^4.0.1
      '@deepseek-ai/dsh-invariants': ^0.1.0-rc.8
      '@deepseek-ai/dsh-llm': ^0.1.0-rc.8
      '@deepseek-ai/dsh-scope': ^0.1.0-rc.8

  '@deepseek-ai/dsh-timeout@0.1.0-rc.8':
    resolution: {integrity: sha512-RwOC/qHribE6b+LStAO7aAgweefLE5sqDO7Uz6/mnTDyJxCt7HNQnE/Op8sAvRa33d752aUkPfO9S0mgzVAoFQ==}
    peerDependencies:
      '@deepseek-ai/cordis': ^4.0.1
      '@deepseek-ai/dsh-invariants': ^0.1.0-rc.8

  '@deepseek-ai/dsh-tools@0.1.0-rc.8':
    resolution: {integrity: sha512-tvuGAVUS4yoPW9zH7CGWJgMlAzGjfu2UlRiricldlcwSKAaJZPZx/K/YfTivUyDTER6aK1DJUnIpVG7RD/DoHQ==}
    peerDependencies:
      '@deepseek-ai/cordis': ^4.0.1
      '@deepseek-ai/dsh-agent': ^0.1.0-rc.8
      '@deepseek-ai/dsh-code-runtime': ^0.1.0-rc.8
      '@deepseek-ai/dsh-invariants': ^0.1.0-rc.8
      '@deepseek-ai/dsh-llm': ^0.1.0-rc.8
      '@deepseek-ai/dsh-scope': ^0.1.0-rc.8
      '@deepseek-ai/dsh-session': ^0.1.0-rc.8
      '@deepseek-ai/dsh-system-prompt': ^0.1.0-rc.8
      '@deepseek-ai/dsh-user-approval': ^0.1.0-rc.8

  '@deepseek-ai/dsh-typert-protocol@0.1.0-rc.8':
    resolution: {integrity: sha512-scwEAefRBL7gRpaXiEdiHRMvlr8dLmUbiEvy0LOAX/8X3FZBd/5tHQ/8lCppAQNTDZMI/LSiSMpu5XrFId+7cQ==}
    peerDependencies:
      '@deepseek-ai/cordis': ^4.0.1
      '@deepseek-ai/dsh-invariants': ^0.1.0-rc.8

  '@deepseek-ai/dsh-user-approval@0.1.0-rc.8':
    resolution: {integrity: sha512-6SFCxp7dgNFEyzQIcs5i9C+5djgXsAeV0iKmZUCLlcIeVM1chcCMHyGcoXlw8yyB14qFMrMs+TPvhvpu2WWxAw==}
    peerDependencies:
      '@deepseek-ai/cordis': ^4.0.1
      '@deepseek-ai/dsh-agent': ^0.1.0-rc.8
      '@deepseek-ai/dsh-brand': ^0.1.0-rc.8
      '@deepseek-ai/dsh-invariants': ^0.1.0-rc.8
      '@deepseek-ai/dsh-llm': ^0.1.0-rc.8
      '@deepseek-ai/dsh-scope': ^0.1.0-rc.8
      '@deepseek-ai/dsh-session': ^0.1.0-rc.8
      '@deepseek-ai/dsh-system-prompt': ^0.1.0-rc.8

  '@deepseek-ai/dsh-web@0.0.1-rc.1':
    resolution: {integrity: sha512-kbfr8aPtbsO9XOYqbdy39HwLPlVDH3GWjg9J2cJge5jgGPfN0lGlh5hcj4wvHxUEhGOZF+vieR/U8NmzeaeZMw==}
    peerDependencies:
      '@deepseek-ai/cordis': ^4.0.1-rc.1
      '@deepseek-ai/dsh-invariants': ^0.0.1-rc.1
      '@deepseek-ai/dsh-llm': ^0.0.1-rc.1

  '@deepseek-ai/schemastery@3.18.4':
    resolution: {integrity: sha512-SSXO6tYuyrIqKVbmOnIq0s+riUywYzouFMcnBluHF9n4KMo2G8HvEzhCYj6pj2617/glOjbJuVInJ9hfONsjkg==}

  '@standard-schema/spec@1.1.0':
    resolution: {integrity: sha512-l2aFy5jALhniG5HgqrD6jXLi/rUWrKvqN/qJx6yoJsgKhblVd+iqqU4RCXavm/jPityDo5TCvKMnpjKnOriy0w==}

snapshots:

  '@240xu/dsh-message-ops@0.5.2(@deepseek-ai/dsh-tools@0.1.0-rc.8(ca0ce42452094c45ca64260a014be474))':
    dependencies:
      '@deepseek-ai/dsh-tools': 0.1.0-rc.8(ca0ce42452094c45ca64260a014be474)

  '@240xu/dsh-session-lazy-view@0.3.4': {}

  '@240xu/dsh-session-search@0.1.5(@deepseek-ai/dsh-tools@0.1.0-rc.8(ca0ce42452094c45ca64260a014be474))':
    dependencies:
      '@deepseek-ai/dsh-tools': 0.1.0-rc.8(ca0ce42452094c45ca64260a014be474)

  '@240xu/dsh-websearch@2.8.2(b553a2da8f7d427ffbd49400ae387d22)':
    dependencies:
      '@deepseek-ai/cordis': 4.0.4
      '@deepseek-ai/dsh-credentials': 0.0.1-rc.1(@deepseek-ai/cordis@4.0.4)(@deepseek-ai/dsh-brand@0.0.1-rc.1(@deepseek-ai/cordis@4.0.4)(@deepseek-ai/dsh-invariants@0.1.0-rc.8(@deepseek-ai/cordis@4.0.4)))(@deepseek-ai/dsh-invariants@0.1.0-rc.8(@deepseek-ai/cordis@4.0.4))
      '@deepseek-ai/dsh-launch-environment': 0.0.1-rc.3(@deepseek-ai/cordis@4.0.4)(@deepseek-ai/dsh-invariants@0.1.0-rc.8(@deepseek-ai/cordis@4.0.4))
      '@deepseek-ai/dsh-settings': 0.0.1-rc.1(@deepseek-ai/cordis@4.0.4)(@deepseek-ai/dsh-brand@0.0.1-rc.1(@deepseek-ai/cordis@4.0.4)(@deepseek-ai/dsh-invariants@0.1.0-rc.8(@deepseek-ai/cordis@4.0.4)))(@deepseek-ai/dsh-invariants@0.1.0-rc.8(@deepseek-ai/cordis@4.0.4))(@deepseek-ai/schemastery@3.18.4)
      '@deepseek-ai/dsh-web': 0.0.1-rc.1(@deepseek-ai/cordis@4.0.4)(@deepseek-ai/dsh-invariants@0.1.0-rc.8(@deepseek-ai/cordis@4.0.4))(@deepseek-ai/dsh-llm@0.1.0-rc.8(@deepseek-ai/cordis@4.0.4)(@deepseek-ai/dsh-attachment@0.1.0-rc.8(@deepseek-ai/cordis@4.0.4)(@deepseek-ai/dsh-brand@0.0.1-rc.1(@deepseek-ai/cordis@4.0.4)(@deepseek-ai/dsh-invariants@0.1.0-rc.8(@deepseek-ai/cordis@4.0.4)))(@deepseek-ai/dsh-invariants@0.1.0-rc.8(@deepseek-ai/cordis@4.0.4)))(@deepseek-ai/dsh-brand@0.0.1-rc.1(@deepseek-ai/cordis@4.0.4)(@deepseek-ai/dsh-invariants@0.1.0-rc.8(@deepseek-ai/cordis@4.0.4)))(@deepseek-ai/dsh-invariants@0.1.0-rc.8(@deepseek-ai/cordis@4.0.4))(@deepseek-ai/dsh-timeout@0.1.0-rc.8(@deepseek-ai/cordis@4.0.4)(@deepseek-ai/dsh-invariants@0.1.0-rc.8(@deepseek-ai/cordis@4.0.4))))
      '@deepseek-ai/schemastery': 3.18.4

  '@deepseek-ai/cordis@4.0.4':
    dependencies:
      '@deepseek-ai/cosmokit': 1.8.5
      '@standard-schema/spec': 1.1.0

  '@deepseek-ai/cosmokit@1.8.5': {}

  '@deepseek-ai/dsh-agent@0.1.0-rc.8(4da62edf3e675933666f302fdde1b62f)':
    dependencies:
      '@deepseek-ai/cordis': 4.0.4
      '@deepseek-ai/dsh-invariants': 0.1.0-rc.8(@deepseek-ai/cordis@4.0.4)
      '@deepseek-ai/dsh-llm': 0.1.0-rc.8(@deepseek-ai/cordis@4.0.4)(@deepseek-ai/dsh-attachment@0.1.0-rc.8(@deepseek-ai/cordis@4.0.4)(@deepseek-ai/dsh-brand@0.0.1-rc.1(@deepseek-ai/cordis@4.0.4)(@deepseek-ai/dsh-invariants@0.1.0-rc.8(@deepseek-ai/cordis@4.0.4)))(@deepseek-ai/dsh-invariants@0.1.0-rc.8(@deepseek-ai/cordis@4.0.4)))(@deepseek-ai/dsh-brand@0.0.1-rc.1(@deepseek-ai/cordis@4.0.4)(@deepseek-ai/dsh-invariants@0.1.0-rc.8(@deepseek-ai/cordis@4.0.4)))(@deepseek-ai/dsh-invariants@0.1.0-rc.8(@deepseek-ai/cordis@4.0.4))(@deepseek-ai/dsh-timeout@0.1.0-rc.8(@deepseek-ai/cordis@4.0.4)(@deepseek-ai/dsh-invariants@0.1.0-rc.8(@deepseek-ai/cordis@4.0.4)))
      '@deepseek-ai/dsh-scope': 0.1.0-rc.8(@deepseek-ai/cordis@4.0.4)(@deepseek-ai/dsh-invariants@0.1.0-rc.8(@deepseek-ai/cordis@4.0.4))
      '@deepseek-ai/dsh-session': 0.1.0-rc.8(34a094640511426fe19b0153292ab6cc)
      '@deepseek-ai/dsh-system-prompt': 0.1.0-rc.8(@deepseek-ai/cordis@4.0.4)(@deepseek-ai/dsh-invariants@0.1.0-rc.8(@deepseek-ai/cordis@4.0.4))(@deepseek-ai/dsh-llm@0.1.0-rc.8(@deepseek-ai/cordis@4.0.4)(@deepseek-ai/dsh-attachment@0.1.0-rc.8(@deepseek-ai/cordis@4.0.4)(@deepseek-ai/dsh-brand@0.0.1-rc.1(@deepseek-ai/cordis@4.0.4)(@deepseek-ai/dsh-invariants@0.1.0-rc.8(@deepseek-ai/cordis@4.0.4)))(@deepseek-ai/dsh-invariants@0.1.0-rc.8(@deepseek-ai/cordis@4.0.4)))(@deepseek-ai/dsh-brand@0.0.1-rc.1(@deepseek-ai/cordis@4.0.4)(@deepseek-ai/dsh-invariants@0.1.0-rc.8(@deepseek-ai/cordis@4.0.4)))(@deepseek-ai/dsh-invariants@0.1.0-rc.8(@deepseek-ai/cordis@4.0.4))(@deepseek-ai/dsh-timeout@0.1.0-rc.8(@deepseek-ai/cordis@4.0.4)(@deepseek-ai/dsh-invariants@0.1.0-rc.8(@deepseek-ai/cordis@4.0.4))))(@deepseek-ai/dsh-scope@0.1.0-rc.8(@deepseek-ai/cordis@4.0.4)(@deepseek-ai/dsh-invariants@0.1.0-rc.8(@deepseek-ai/cordis@4.0.4)))
      '@deepseek-ai/dsh-typert-protocol': 0.1.0-rc.8(@deepseek-ai/cordis@4.0.4)(@deepseek-ai/dsh-invariants@0.1.0-rc.8(@deepseek-ai/cordis@4.0.4))

  '@deepseek-ai/dsh-attachment@0.1.0-rc.8(@deepseek-ai/cordis@4.0.4)(@deepseek-ai/dsh-brand@0.0.1-rc.1(@deepseek-ai/cordis@4.0.4)(@deepseek-ai/dsh-invariants@0.1.0-rc.8(@deepseek-ai/cordis@4.0.4)))(@deepseek-ai/dsh-invariants@0.1.0-rc.8(@deepseek-ai/cordis@4.0.4))':
    dependencies:
      '@deepseek-ai/cordis': 4.0.4
      '@deepseek-ai/dsh-brand': 0.0.1-rc.1(@deepseek-ai/cordis@4.0.4)(@deepseek-ai/dsh-invariants@0.1.0-rc.8(@deepseek-ai/cordis@4.0.4))
      '@deepseek-ai/dsh-invariants': 0.1.0-rc.8(@deepseek-ai/cordis@4.0.4)

  '@deepseek-ai/dsh-brand@0.0.1-rc.1(@deepseek-ai/cordis@4.0.4)(@deepseek-ai/dsh-invariants@0.1.0-rc.8(@deepseek-ai/cordis@4.0.4))':
    dependencies:
      '@deepseek-ai/cordis': 4.0.4
      '@deepseek-ai/dsh-invariants': 0.1.0-rc.8(@deepseek-ai/cordis@4.0.4)

  '@deepseek-ai/dsh-code-runtime@0.1.0-rc.8(@deepseek-ai/cordis@4.0.4)(@deepseek-ai/dsh-invariants@0.1.0-rc.8(@deepseek-ai/cordis@4.0.4))':
    dependencies:
      '@deepseek-ai/cordis': 4.0.4
      '@deepseek-ai/dsh-invariants': 0.1.0-rc.8(@deepseek-ai/cordis@4.0.4)

  '@deepseek-ai/dsh-credentials@0.0.1-rc.1(@deepseek-ai/cordis@4.0.4)(@deepseek-ai/dsh-brand@0.0.1-rc.1(@deepseek-ai/cordis@4.0.4)(@deepseek-ai/dsh-invariants@0.1.0-rc.8(@deepseek-ai/cordis@4.0.4)))(@deepseek-ai/dsh-invariants@0.1.0-rc.8(@deepseek-ai/cordis@4.0.4))':
    dependencies:
      '@deepseek-ai/cordis': 4.0.4
      '@deepseek-ai/dsh-brand': 0.0.1-rc.1(@deepseek-ai/cordis@4.0.4)(@deepseek-ai/dsh-invariants@0.1.0-rc.8(@deepseek-ai/cordis@4.0.4))
      '@deepseek-ai/dsh-invariants': 0.1.0-rc.8(@deepseek-ai/cordis@4.0.4)

  '@deepseek-ai/dsh-invariants@0.1.0-rc.8(@deepseek-ai/cordis@4.0.4)':
    dependencies:
      '@deepseek-ai/cordis': 4.0.4
      '@deepseek-ai/schemastery': 3.18.4

  '@deepseek-ai/dsh-launch-environment@0.0.1-rc.3(@deepseek-ai/cordis@4.0.4)(@deepseek-ai/dsh-invariants@0.1.0-rc.8(@deepseek-ai/cordis@4.0.4))':
    dependencies:
      '@deepseek-ai/cordis': 4.0.4
      '@deepseek-ai/dsh-invariants': 0.1.0-rc.8(@deepseek-ai/cordis@4.0.4)

  '@deepseek-ai/dsh-llm@0.1.0-rc.8(@deepseek-ai/cordis@4.0.4)(@deepseek-ai/dsh-attachment@0.1.0-rc.8(@deepseek-ai/cordis@4.0.4)(@deepseek-ai/dsh-brand@0.0.1-rc.1(@deepseek-ai/cordis@4.0.4)(@deepseek-ai/dsh-invariants@0.1.0-rc.8(@deepseek-ai/cordis@4.0.4)))(@deepseek-ai/dsh-invariants@0.1.0-rc.8(@deepseek-ai/cordis@4.0.4)))(@deepseek-ai/dsh-brand@0.0.1-rc.1(@deepseek-ai/cordis@4.0.4)(@deepseek-ai/dsh-invariants@0.1.0-rc.8(@deepseek-ai/cordis@4.0.4)))(@deepseek-ai/dsh-invariants@0.1.0-rc.8(@deepseek-ai/cordis@4.0.4))(@deepseek-ai/dsh-timeout@0.1.0-rc.8(@deepseek-ai/cordis@4.0.4)(@deepseek-ai/dsh-invariants@0.1.0-rc.8(@deepseek-ai/cordis@4.0.4)))':
    dependencies:
      '@deepseek-ai/cordis': 4.0.4
      '@deepseek-ai/dsh-attachment': 0.1.0-rc.8(@deepseek-ai/cordis@4.0.4)(@deepseek-ai/dsh-brand@0.0.1-rc.1(@deepseek-ai/cordis@4.0.4)(@deepseek-ai/dsh-invariants@0.1.0-rc.8(@deepseek-ai/cordis@4.0.4)))(@deepseek-ai/dsh-invariants@0.1.0-rc.8(@deepseek-ai/cordis@4.0.4))
      '@deepseek-ai/dsh-brand': 0.0.1-rc.1(@deepseek-ai/cordis@4.0.4)(@deepseek-ai/dsh-invariants@0.1.0-rc.8(@deepseek-ai/cordis@4.0.4))
      '@deepseek-ai/dsh-invariants': 0.1.0-rc.8(@deepseek-ai/cordis@4.0.4)
      '@deepseek-ai/dsh-timeout': 0.1.0-rc.8(@deepseek-ai/cordis@4.0.4)(@deepseek-ai/dsh-invariants@0.1.0-rc.8(@deepseek-ai/cordis@4.0.4))
      '@deepseek-ai/schemastery': 3.18.4

  '@deepseek-ai/dsh-scope@0.1.0-rc.8(@deepseek-ai/cordis@4.0.4)(@deepseek-ai/dsh-invariants@0.1.0-rc.8(@deepseek-ai/cordis@4.0.4))':
    dependencies:
      '@deepseek-ai/cordis': 4.0.4
      '@deepseek-ai/dsh-invariants': 0.1.0-rc.8(@deepseek-ai/cordis@4.0.4)

  '@deepseek-ai/dsh-session@0.1.0-rc.8(34a094640511426fe19b0153292ab6cc)':
    dependencies:
      '@deepseek-ai/cordis': 4.0.4
      '@deepseek-ai/dsh-brand': 0.0.1-rc.1(@deepseek-ai/cordis@4.0.4)(@deepseek-ai/dsh-invariants@0.1.0-rc.8(@deepseek-ai/cordis@4.0.4))
      '@deepseek-ai/dsh-invariants': 0.1.0-rc.8(@deepseek-ai/cordis@4.0.4)
      '@deepseek-ai/dsh-llm': 0.1.0-rc.8(@deepseek-ai/cordis@4.0.4)(@deepseek-ai/dsh-attachment@0.1.0-rc.8(@deepseek-ai/cordis@4.0.4)(@deepseek-ai/dsh-brand@0.0.1-rc.1(@deepseek-ai/cordis@4.0.4)(@deepseek-ai/dsh-invariants@0.1.0-rc.8(@deepseek-ai/cordis@4.0.4)))(@deepseek-ai/dsh-invariants@0.1.0-rc.8(@deepseek-ai/cordis@4.0.4)))(@deepseek-ai/dsh-brand@0.0.1-rc.1(@deepseek-ai/cordis@4.0.4)(@deepseek-ai/dsh-invariants@0.1.0-rc.8(@deepseek-ai/cordis@4.0.4)))(@deepseek-ai/dsh-invariants@0.1.0-rc.8(@deepseek-ai/cordis@4.0.4))(@deepseek-ai/dsh-timeout@0.1.0-rc.8(@deepseek-ai/cordis@4.0.4)(@deepseek-ai/dsh-invariants@0.1.0-rc.8(@deepseek-ai/cordis@4.0.4)))
      '@deepseek-ai/dsh-scope': 0.1.0-rc.8(@deepseek-ai/cordis@4.0.4)(@deepseek-ai/dsh-invariants@0.1.0-rc.8(@deepseek-ai/cordis@4.0.4))
      '@deepseek-ai/dsh-typert-protocol': 0.1.0-rc.8(@deepseek-ai/cordis@4.0.4)(@deepseek-ai/dsh-invariants@0.1.0-rc.8(@deepseek-ai/cordis@4.0.4))

  '@deepseek-ai/dsh-settings@0.0.1-rc.1(@deepseek-ai/cordis@4.0.4)(@deepseek-ai/dsh-brand@0.0.1-rc.1(@deepseek-ai/cordis@4.0.4)(@deepseek-ai/dsh-invariants@0.1.0-rc.8(@deepseek-ai/cordis@4.0.4)))(@deepseek-ai/dsh-invariants@0.1.0-rc.8(@deepseek-ai/cordis@4.0.4))(@deepseek-ai/schemastery@3.18.4)':
    dependencies:
      '@deepseek-ai/cordis': 4.0.4
      '@deepseek-ai/dsh-brand': 0.0.1-rc.1(@deepseek-ai/cordis@4.0.4)(@deepseek-ai/dsh-invariants@0.1.0-rc.8(@deepseek-ai/cordis@4.0.4))
      '@deepseek-ai/dsh-invariants': 0.1.0-rc.8(@deepseek-ai/cordis@4.0.4)
      '@deepseek-ai/schemastery': 3.18.4

  '@deepseek-ai/dsh-system-prompt@0.1.0-rc.8(@deepseek-ai/cordis@4.0.4)(@deepseek-ai/dsh-invariants@0.1.0-rc.8(@deepseek-ai/cordis@4.0.4))(@deepseek-ai/dsh-llm@0.1.0-rc.8(@deepseek-ai/cordis@4.0.4)(@deepseek-ai/dsh-attachment@0.1.0-rc.8(@deepseek-ai/cordis@4.0.4)(@deepseek-ai/dsh-brand@0.0.1-rc.1(@deepseek-ai/cordis@4.0.4)(@deepseek-ai/dsh-invariants@0.1.0-rc.8(@deepseek-ai/cordis@4.0.4)))(@deepseek-ai/dsh-invariants@0.1.0-rc.8(@deepseek-ai/cordis@4.0.4)))(@deepseek-ai/dsh-brand@0.0.1-rc.1(@deepseek-ai/cordis@4.0.4)(@deepseek-ai/dsh-invariants@0.1.0-rc.8(@deepseek-ai/cordis@4.0.4)))(@deepseek-ai/dsh-invariants@0.1.0-rc.8(@deepseek-ai/cordis@4.0.4))(@deepseek-ai/dsh-timeout@0.1.0-rc.8(@deepseek-ai/cordis@4.0.4)(@deepseek-ai/dsh-invariants@0.1.0-rc.8(@deepseek-ai/cordis@4.0.4))))(@deepseek-ai/dsh-scope@0.1.0-rc.8(@deepseek-ai/cordis@4.0.4)(@deepseek-ai/dsh-invariants@0.1.0-rc.8(@deepseek-ai/cordis@4.0.4)))':
    dependencies:
      '@deepseek-ai/cordis': 4.0.4
      '@deepseek-ai/dsh-invariants': 0.1.0-rc.8(@deepseek-ai/cordis@4.0.4)
      '@deepseek-ai/dsh-llm': 0.1.0-rc.8(@deepseek-ai/cordis@4.0.4)(@deepseek-ai/dsh-attachment@0.1.0-rc.8(@deepseek-ai/cordis@4.0.4)(@deepseek-ai/dsh-brand@0.0.1-rc.1(@deepseek-ai/cordis@4.0.4)(@deepseek-ai/dsh-invariants@0.1.0-rc.8(@deepseek-ai/cordis@4.0.4)))(@deepseek-ai/dsh-invariants@0.1.0-rc.8(@deepseek-ai/cordis@4.0.4)))(@deepseek-ai/dsh-brand@0.0.1-rc.1(@deepseek-ai/cordis@4.0.4)(@deepseek-ai/dsh-invariants@0.1.0-rc.8(@deepseek-ai/cordis@4.0.4)))(@deepseek-ai/dsh-invariants@0.1.0-rc.8(@deepseek-ai/cordis@4.0.4))(@deepseek-ai/dsh-timeout@0.1.0-rc.8(@deepseek-ai/cordis@4.0.4)(@deepseek-ai/dsh-invariants@0.1.0-rc.8(@deepseek-ai/cordis@4.0.4)))
      '@deepseek-ai/dsh-scope': 0.1.0-rc.8(@deepseek-ai/cordis@4.0.4)(@deepseek-ai/dsh-invariants@0.1.0-rc.8(@deepseek-ai/cordis@4.0.4))
      '@deepseek-ai/schemastery': 3.18.4

  '@deepseek-ai/dsh-timeout@0.1.0-rc.8(@deepseek-ai/cordis@4.0.4)(@deepseek-ai/dsh-invariants@0.1.0-rc.8(@deepseek-ai/cordis@4.0.4))':
    dependencies:
      '@deepseek-ai/cordis': 4.0.4
      '@deepseek-ai/dsh-invariants': 0.1.0-rc.8(@deepseek-ai/cordis@4.0.4)

  '@deepseek-ai/dsh-tools@0.1.0-rc.8(ca0ce42452094c45ca64260a014be474)':
    dependencies:
      '@deepseek-ai/cordis': 4.0.4
      '@deepseek-ai/dsh-agent': 0.1.0-rc.8(4da62edf3e675933666f302fdde1b62f)
      '@deepseek-ai/dsh-code-runtime': 0.1.0-rc.8(@deepseek-ai/cordis@4.0.4)(@deepseek-ai/dsh-invariants@0.1.0-rc.8(@deepseek-ai/cordis@4.0.4))
      '@deepseek-ai/dsh-invariants': 0.1.0-rc.8(@deepseek-ai/cordis@4.0.4)
      '@deepseek-ai/dsh-llm': 0.1.0-rc.8(@deepseek-ai/cordis@4.0.4)(@deepseek-ai/dsh-attachment@0.1.0-rc.8(@deepseek-ai/cordis@4.0.4)(@deepseek-ai/dsh-brand@0.0.1-rc.1(@deepseek-ai/cordis@4.0.4)(@deepseek-ai/dsh-invariants@0.1.0-rc.8(@deepseek-ai/cordis@4.0.4)))(@deepseek-ai/dsh-invariants@0.1.0-rc.8(@deepseek-ai/cordis@4.0.4)))(@deepseek-ai/dsh-brand@0.0.1-rc.1(@deepseek-ai/cordis@4.0.4)(@deepseek-ai/dsh-invariants@0.1.0-rc.8(@deepseek-ai/cordis@4.0.4)))(@deepseek-ai/dsh-invariants@0.1.0-rc.8(@deepseek-ai/cordis@4.0.4))(@deepseek-ai/dsh-timeout@0.1.0-rc.8(@deepseek-ai/cordis@4.0.4)(@deepseek-ai/dsh-invariants@0.1.0-rc.8(@deepseek-ai/cordis@4.0.4)))
      '@deepseek-ai/dsh-scope': 0.1.0-rc.8(@deepseek-ai/cordis@4.0.4)(@deepseek-ai/dsh-invariants@0.1.0-rc.8(@deepseek-ai/cordis@4.0.4))
      '@deepseek-ai/dsh-session': 0.1.0-rc.8(34a094640511426fe19b0153292ab6cc)
      '@deepseek-ai/dsh-system-prompt': 0.1.0-rc.8(@deepseek-ai/cordis@4.0.4)(@deepseek-ai/dsh-invariants@0.1.0-rc.8(@deepseek-ai/cordis@4.0.4))(@deepseek-ai/dsh-llm@0.1.0-rc.8(@deepseek-ai/cordis@4.0.4)(@deepseek-ai/dsh-attachment@0.1.0-rc.8(@deepseek-ai/cordis@4.0.4)(@deepseek-ai/dsh-brand@0.0.1-rc.1(@deepseek-ai/cordis@4.0.4)(@deepseek-ai/dsh-invariants@0.1.0-rc.8(@deepseek-ai/cordis@4.0.4)))(@deepseek-ai/dsh-invariants@0.1.0-rc.8(@deepseek-ai/cordis@4.0.4)))(@deepseek-ai/dsh-brand@0.0.1-rc.1(@deepseek-ai/cordis@4.0.4)(@deepseek-ai/dsh-invariants@0.1.0-rc.8(@deepseek-ai/cordis@4.0.4)))(@deepseek-ai/dsh-invariants@0.1.0-rc.8(@deepseek-ai/cordis@4.0.4))(@deepseek-ai/dsh-timeout@0.1.0-rc.8(@deepseek-ai/cordis@4.0.4)(@deepseek-ai/dsh-invariants@0.1.0-rc.8(@deepseek-ai/cordis@4.0.4))))(@deepseek-ai/dsh-scope@0.1.0-rc.8(@deepseek-ai/cordis@4.0.4)(@deepseek-ai/dsh-invariants@0.1.0-rc.8(@deepseek-ai/cordis@4.0.4)))
      '@deepseek-ai/dsh-user-approval': 0.1.0-rc.8(3174c18d31cf677c068e36f7c6a7c9f3)
      '@deepseek-ai/schemastery': 3.18.4

  '@deepseek-ai/dsh-typert-protocol@0.1.0-rc.8(@deepseek-ai/cordis@4.0.4)(@deepseek-ai/dsh-invariants@0.1.0-rc.8(@deepseek-ai/cordis@4.0.4))':
    dependencies:
      '@deepseek-ai/cordis': 4.0.4
      '@deepseek-ai/dsh-invariants': 0.1.0-rc.8(@deepseek-ai/cordis@4.0.4)

  '@deepseek-ai/dsh-user-approval@0.1.0-rc.8(3174c18d31cf677c068e36f7c6a7c9f3)':
    dependencies:
      '@deepseek-ai/cordis': 4.0.4
      '@deepseek-ai/dsh-agent': 0.1.0-rc.8(4da62edf3e675933666f302fdde1b62f)
      '@deepseek-ai/dsh-brand': 0.0.1-rc.1(@deepseek-ai/cordis@4.0.4)(@deepseek-ai/dsh-invariants@0.1.0-rc.8(@deepseek-ai/cordis@4.0.4))
      '@deepseek-ai/dsh-invariants': 0.1.0-rc.8(@deepseek-ai/cordis@4.0.4)
      '@deepseek-ai/dsh-llm': 0.1.0-rc.8(@deepseek-ai/cordis@4.0.4)(@deepseek-ai/dsh-attachment@0.1.0-rc.8(@deepseek-ai/cordis@4.0.4)(@deepseek-ai/dsh-brand@0.0.1-rc.1(@deepseek-ai/cordis@4.0.4)(@deepseek-ai/dsh-invariants@0.1.0-rc.8(@deepseek-ai/cordis@4.0.4)))(@deepseek-ai/dsh-invariants@0.1.0-rc.8(@deepseek-ai/cordis@4.0.4)))(@deepseek-ai/dsh-brand@0.0.1-rc.1(@deepseek-ai/cordis@4.0.4)(@deepseek-ai/dsh-invariants@0.1.0-rc.8(@deepseek-ai/cordis@4.0.4)))(@deepseek-ai/dsh-invariants@0.1.0-rc.8(@deepseek-ai/cordis@4.0.4))(@deepseek-ai/dsh-timeout@0.1.0-rc.8(@deepseek-ai/cordis@4.0.4)(@deepseek-ai/dsh-invariants@0.1.0-rc.8(@deepseek-ai/cordis@4.0.4)))
      '@deepseek-ai/dsh-scope': 0.1.0-rc.8(@deepseek-ai/cordis@4.0.4)(@deepseek-ai/dsh-invariants@0.1.0-rc.8(@deepseek-ai/cordis@4.0.4))
      '@deepseek-ai/dsh-session': 0.1.0-rc.8(34a094640511426fe19b0153292ab6cc)
      '@deepseek-ai/dsh-system-prompt': 0.1.0-rc.8(@deepseek-ai/cordis@4.0.4)(@deepseek-ai/dsh-invariants@0.1.0-rc.8(@deepseek-ai/cordis@4.0.4))(@deepseek-ai/dsh-llm@0.1.0-rc.8(@deepseek-ai/cordis@4.0.4)(@deepseek-ai/dsh-attachment@0.1.0-rc.8(@deepseek-ai/cordis@4.0.4)(@deepseek-ai/dsh-brand@0.0.1-rc.1(@deepseek-ai/cordis@4.0.4)(@deepseek-ai/dsh-invariants@0.1.0-rc.8(@deepseek-ai/cordis@4.0.4)))(@deepseek-ai/dsh-invariants@0.1.0-rc.8(@deepseek-ai/cordis@4.0.4)))(@deepseek-ai/dsh-brand@0.0.1-rc.1(@deepseek-ai/cordis@4.0.4)(@deepseek-ai/dsh-invariants@0.1.0-rc.8(@deepseek-ai/cordis@4.0.4)))(@deepseek-ai/dsh-invariants@0.1.0-rc.8(@deepseek-ai/cordis@4.0.4))(@deepseek-ai/dsh-timeout@0.1.0-rc.8(@deepseek-ai/cordis@4.0.4)(@deepseek-ai/dsh-invariants@0.1.0-rc.8(@deepseek-ai/cordis@4.0.4))))(@deepseek-ai/dsh-scope@0.1.0-rc.8(@deepseek-ai/cordis@4.0.4)(@deepseek-ai/dsh-invariants@0.1.0-rc.8(@deepseek-ai/cordis@4.0.4)))
      '@deepseek-ai/schemastery': 3.18.4

  '@deepseek-ai/dsh-web@0.0.1-rc.1(@deepseek-ai/cordis@4.0.4)(@deepseek-ai/dsh-invariants@0.1.0-rc.8(@deepseek-ai/cordis@4.0.4))(@deepseek-ai/dsh-llm@0.1.0-rc.8(@deepseek-ai/cordis@4.0.4)(@deepseek-ai/dsh-attachment@0.1.0-rc.8(@deepseek-ai/cordis@4.0.4)(@deepseek-ai/dsh-brand@0.0.1-rc.1(@deepseek-ai/cordis@4.0.4)(@deepseek-ai/dsh-invariants@0.1.0-rc.8(@deepseek-ai/cordis@4.0.4)))(@deepseek-ai/dsh-invariants@0.1.0-rc.8(@deepseek-ai/cordis@4.0.4)))(@deepseek-ai/dsh-brand@0.0.1-rc.1(@deepseek-ai/cordis@4.0.4)(@deepseek-ai/dsh-invariants@0.1.0-rc.8(@deepseek-ai/cordis@4.0.4)))(@deepseek-ai/dsh-invariants@0.1.0-rc.8(@deepseek-ai/cordis@4.0.4))(@deepseek-ai/dsh-timeout@0.1.0-rc.8(@deepseek-ai/cordis@4.0.4)(@deepseek-ai/dsh-invariants@0.1.0-rc.8(@deepseek-ai/cordis@4.0.4))))':
    dependencies:
      '@deepseek-ai/cordis': 4.0.4
      '@deepseek-ai/dsh-invariants': 0.1.0-rc.8(@deepseek-ai/cordis@4.0.4)
      '@deepseek-ai/dsh-llm': 0.1.0-rc.8(@deepseek-ai/cordis@4.0.4)(@deepseek-ai/dsh-attachment@0.1.0-rc.8(@deepseek-ai/cordis@4.0.4)(@deepseek-ai/dsh-brand@0.0.1-rc.1(@deepseek-ai/cordis@4.0.4)(@deepseek-ai/dsh-invariants@0.1.0-rc.8(@deepseek-ai/cordis@4.0.4)))(@deepseek-ai/dsh-invariants@0.1.0-rc.8(@deepseek-ai/cordis@4.0.4)))(@deepseek-ai/dsh-brand@0.0.1-rc.1(@deepseek-ai/cordis@4.0.4)(@deepseek-ai/dsh-invariants@0.1.0-rc.8(@deepseek-ai/cordis@4.0.4)))(@deepseek-ai/dsh-invariants@0.1.0-rc.8(@deepseek-ai/cordis@4.0.4))(@deepseek-ai/dsh-timeout@0.1.0-rc.8(@deepseek-ai/cordis@4.0.4)(@deepseek-ai/dsh-invariants@0.1.0-rc.8(@deepseek-ai/cordis@4.0.4)))
      '@deepseek-ai/schemastery': 3.18.4

  '@deepseek-ai/schemastery@3.18.4':
    dependencies:
      '@deepseek-ai/cosmokit': 1.8.5
      '@standard-schema/spec': 1.1.0

  '@standard-schema/spec@1.1.0': {}
